
Microsoft Visual Studio Solution File, Format Version 12.00
# Visual Studio Version 16
VisualStudioVersion = 16.0.30611.23
MinimumVisualStudioVersion = 10.0.40219.1
Project("{FAE04EC0-301F-11D3-BF4B-00C04F79EFBC}") = "MvcSampleApplication", "MvcSampleApplication\MvcSampleApplication.csproj", "{3184025A-EF9C-491C-BA4E-3C9DD71BC1C9}"
EndProject
Global
	GlobalSection(SolutionConfigurationPlatforms) = preSolution
		Debug|Any CPU = Debug|Any CPU
		Release|Any CPU = Release|Any CPU
	EndGlobalSection
	GlobalSection(ProjectConfigurationPlatforms) = postSolution
		{3184025A-EF9C-491C-BA4E-3C9DD71BC1C9}.Debug|Any CPU.ActiveCfg = Debug|Any CPU
		{3184025A-EF9C-491C-BA4E-3C9DD71BC1C9}.Debug|Any CPU.Build.0 = Debug|Any CPU
		{3184025A-EF9C-491C-BA4E-3C9DD71BC1C9}.Release|Any CPU.ActiveCfg = Release|Any CPU
		{3184025A-EF9C-491C-BA4E-3C9DD71BC1C9}.Release|Any CPU.Build.0 = Release|Any CPU
	EndGlobalSection
	GlobalSection(SolutionProperties) = preSolution
		HideSolutionNode = FALSE
	EndGlobalSection
	GlobalSection(ExtensibilityGlobals) = postSolution
		SolutionGuid = {BD259A85-8D78-4BA7-AC77-49A9B8E9A052}
	EndGlobalSection
EndGlobal
